
Microsoft Visual Studio Solution File, Format Version 12.00
# Visual Studio 2012
Project("{8BC9CEB8-8B4A-11D0-8D11-00A0C91BC942}") = "svhttp_example", "svhttp_example\svhttp_example.vcxproj", "{F726DA89-68B4-47DB-B84B-FD03D038699F}"
EndProject
Global
	GlobalSection(SolutionConfigurationPlatforms) = preSolution
		Debug|Win32 = Debug|Win32
		Release|Win32 = Release|Win32
	EndGlobalSection
	GlobalSection(ProjectConfigurationPlatforms) = postSolution
		{F726DA89-68B4-47DB-B84B-FD03D038699F}.Debug|Win32.ActiveCfg = Debug|Win32
		{F726DA89-68B4-47DB-B84B-FD03D038699F}.Debug|Win32.Build.0 = Debug|Win32
		{F726DA89-68B4-47DB-B84B-FD03D038699F}.Release|Win32.ActiveCfg = Release|Win32
		{F726DA89-68B4-47DB-B84B-FD03D038699F}.Release|Win32.Build.0 = Release|Win32
	EndGlobalSection
	GlobalSection(SolutionProperties) = preSolution
		HideSolutionNode = FALSE
	EndGlobalSection
EndGlobal
